// !$*UTF8*$!
{
	archiveVersion = 1;
	classes = {
	};
	objectVersion = 50;
	objects = {

/* Begin PBXBuildFile section */
		1C2181D41935E73F0C9FBF47 /* Pods_routerTest.framework in Frameworks */ = {isa = PBXBuildFile; fileRef = C767728E28CF123204D44647 /* Pods_routerTest.framework */; };
		75160F012272AD44002D3760 /* AppDelegate.m in Sources */ = {isa = PBXBuildFile; fileRef = 75160F002272AD44002D3760 /* AppDelegate.m */; };
		75160F042272AD44002D3760 /* ViewController.m in Sources */ = {isa = PBXBuildFile; fileRef = 75160F032272AD44002D3760 /* ViewController.m */; };
		75160F092272AD45002D3760 /* Assets.xcassets in Resources */ = {isa = PBXBuildFile; fileRef = 75160F082272AD45002D3760 /* Assets.xcassets */; };
		75160F0F2272AD45002D3760 /* main.m in Sources */ = {isa = PBXBuildFile; fileRef = 75160F0E2272AD45002D3760 /* main.m */; };
		754B2C142272B07C003F5F39 /* LaunchScreen.storyboard in Resources */ = {isa = PBXBuildFile; fileRef = 754B2C102272B07C003F5F39 /* LaunchScreen.storyboard */; };
		754B2C152272B07C003F5F39 /* Main.storyboard in Resources */ = {isa = PBXBuildFile; fileRef = 754B2C122272B07C003F5F39 /* Main.storyboard */; };
		754B2C1A2272B1B0003F5F39 /* Module1ViewController.m in Sources */ = {isa = PBXBuildFile; fileRef = 754B2C162272B1AF003F5F39 /* Module1ViewController.m */; };
		754B2C1B2272B1B0003F5F39 /* Module1.m in Sources */ = {isa = PBXBuildFile; fileRef = 754B2C182272B1AF003F5F39 /* Module1.m */; };
/* End PBXBuildFile section */

/* Begin PBXFileReference section */
		75160EFC2272AD44002D3760 /* routerTest.app */ = {isa = PBXFileReference; explicitFileType = wrapper.application; includeInIndex = 0; path = routerTest.app; sourceTree = BUILT_PRODUCTS_DIR; };
		75160EFF2272AD44002D3760 /* AppDelegate.h */ = {isa = PBXFileReference; lastKnownFileType = sourcecode.c.h; path = AppDelegate.h; sourceTree = "<group>"; };
		75160F002272AD44002D3760 /* AppDelegate.m */ = {isa = PBXFileReference; lastKnownFileType = sourcecode.c.objc; path = AppDelegate.m; sourceTree = "<group>"; };
		75160F022272AD44002D3760 /* ViewController.h */ = {isa = PBXFileReference; lastKnownFileType = sourcecode.c.h; path = ViewController.h; sourceTree = "<group>"; };
		75160F032272AD44002D3760 /* ViewController.m */ = {isa = PBXFileReference; lastKnownFileType = sourcecode.c.objc; path = ViewController.m; sourceTree = "<group>"; };
		75160F082272AD45002D3760 /* Assets.xcassets */ = {isa = PBXFileReference; lastKnownFileType = folder.assetcatalog; path = Assets.xcassets; sourceTree = "<group>"; };
		75160F0D2272AD45002D3760 /* Info.plist */ = {isa = PBXFileReference; lastKnownFileType = text.plist.xml; path = Info.plist; sourceTree = "<group>"; };
		75160F0E2272AD45002D3760 /* main.m */ = {isa = PBXFileReference; lastKnownFileType = sourcecode.c.objc; path = main.m; sourceTree = "<group>"; };
		754B2C112272B07C003F5F39 /* Base */ = {isa = PBXFileReference; lastKnownFileType = file.storyboard; name = Base; path = Base.lproj/LaunchScreen.storyboard; sourceTree = "<group>"; };
		754B2C132272B07C003F5F39 /* Base */ = {isa = PBXFileReference; lastKnownFileType = file.storyboard; name = Base; path = Base.lproj/Main.storyboard; sourceTree = "<group>"; };
		754B2C162272B1AF003F5F39 /* Module1ViewController.m */ = {isa = PBXFileReference; fileEncoding = 4; lastKnownFileType = sourcecode.c.objc; path = Module1ViewController.m; sourceTree = "<group>"; };
		754B2C172272B1AF003F5F39 /* Module1ViewController.h */ = {isa = PBXFileReference; fileEncoding = 4; lastKnownFileType = sourcecode.c.h; path = Module1ViewController.h; sourceTree = "<group>"; };
		754B2C182272B1AF003F5F39 /* Module1.m */ = {isa = PBXFileReference; fileEncoding = 4; lastKnownFileType = sourcecode.c.objc; path = Module1.m; sourceTree = "<group>"; };
		754B2C192272B1AF003F5F39 /* Module1.h */ = {isa = PBXFileReference; fileEncoding = 4; lastKnownFileType = sourcecode.c.h; path = Module1.h; sourceTree = "<group>"; };
		9F641AFD59FF495D7DBC9072 /* Pods-routerTest.release.xcconfig */ = {isa = PBXFileReference; includeInIndex = 1; lastKnownFileType = text.xcconfig; name = "Pods-routerTest.release.xcconfig"; path = "Pods/Target Support Files/Pods-routerTest/Pods-routerTest.release.xcconfig"; sourceTree = "<group>"; };
		9FE0FAB17D9CCEDF5F5B4B2F /* Pods-routerTest.debug.xcconfig */ = {isa = PBXFileReference; includeInIndex = 1; lastKnownFileType = text.xcconfig; name = "Pods-routerTest.debug.xcconfig"; path = "Pods/Target Support Files/Pods-routerTest/Pods-routerTest.debug.xcconfig"; sourceTree = "<group>"; };
		C767728E28CF123204D44647 /* Pods_routerTest.framework */ = {isa = PBXFileReference; explicitFileType = wrapper.framework; includeInIndex = 0; path = Pods_routerTest.framework; sourceTree = BUILT_PRODUCTS_DIR; };
/* End PBXFileReference section */

/* Begin PBXFrameworksBuildPhase section */
		75160EF92272AD44002D3760 /* Frameworks */ = {
			isa = PBXFrameworksBuildPhase;
			buildActionMask = 2147483647;
			files = (
				1C2181D41935E73F0C9FBF47 /* Pods_routerTest.framework in Frameworks */,
			);
			runOnlyForDeploymentPostprocessing = 0;
		};
/* End PBXFrameworksBuildPhase section */

/* Begin PBXGroup section */
		44D9941CB7BE7C2073EE371D /* Frameworks */ = {
			isa = PBXGroup;
			children = (
				C767728E28CF123204D44647 /* Pods_routerTest.framework */,
			);
			name = Frameworks;
			sourceTree = "<group>";
		};
		75160EF32272AD44002D3760 = {
			isa = PBXGroup;
			children = (
				75160EFE2272AD44002D3760 /* routerTest */,
				75160EFD2272AD44002D3760 /* Products */,
				D6FDBBA449D213F1AB501CC3 /* Pods */,
				44D9941CB7BE7C2073EE371D /* Frameworks */,
			);
			sourceTree = "<group>";
		};
		75160EFD2272AD44002D3760 /* Products */ = {
			isa = PBXGroup;
			children = (
				75160EFC2272AD44002D3760 /* routerTest.app */,
			);
			name = Products;
			sourceTree = "<group>";
		};
		75160EFE2272AD44002D3760 /* routerTest */ = {
			isa = PBXGroup;
			children = (
				754B2C192272B1AF003F5F39 /* Module1.h */,
				754B2C182272B1AF003F5F39 /* Module1.m */,
				754B2C172272B1AF003F5F39 /* Module1ViewController.h */,
				754B2C162272B1AF003F5F39 /* Module1ViewController.m */,
				754B2C102272B07C003F5F39 /* LaunchScreen.storyboard */,
				754B2C122272B07C003F5F39 /* Main.storyboard */,
				75160EFF2272AD44002D3760 /* AppDelegate.h */,
				75160F002272AD44002D3760 /* AppDelegate.m */,
				75160F022272AD44002D3760 /* ViewController.h */,
				75160F032272AD44002D3760 /* ViewController.m */,
				75160F082272AD45002D3760 /* Assets.xcassets */,
				75160F0D2272AD45002D3760 /* Info.plist */,
				75160F0E2272AD45002D3760 /* main.m */,
			);
			path = routerTest;
			sourceTree = "<group>";
		};
		D6FDBBA449D213F1AB501CC3 /* Pods */ = {
			isa = PBXGroup;
			children = (
				9FE0FAB17D9CCEDF5F5B4B2F /* Pods-routerTest.debug.xcconfig */,
				9F641AFD59FF495D7DBC9072 /* Pods-routerTest.release.xcconfig */,
			);
			name = Pods;
			sourceTree = "<group>";
		};
/* End PBXGroup section */

/* Begin PBXNativeTarget section */
		75160EFB2272AD44002D3760 /* routerTest */ = {
			isa = PBXNativeTarget;
			buildConfigurationList = 75160F122272AD45002D3760 /* Build configuration list for PBXNativeTarget "routerTest" */;
			buildPhases = (
				13B30831E9C95BA5DD90FA31 /* [CP] Check Pods Manifest.lock */,
				75160EF82272AD44002D3760 /* Sources */,
				75160EF92272AD44002D3760 /* Frameworks */,
				75160EFA2272AD44002D3760 /* Resources */,
				01806CF0DC0B35813B9369FF /* [CP] Embed Pods Frameworks */,
			);
			buildRules = (
			);
			dependencies = (
			);
			name = routerTest;
			productName = routerTest;
			productReference = 75160EFC2272AD44002D3760 /* routerTest.app */;
			productType = "com.apple.product-type.application";
		};
/* End PBXNativeTarget section */

/* Begin PBXProject section */
		75160EF42272AD44002D3760 /* Project object */ = {
			isa = PBXProject;
			attributes = {
				LastUpgradeCheck = 0930;
				ORGANIZATIONNAME = huangzh;
				TargetAttributes = {
					75160EFB2272AD44002D3760 = {
						CreatedOnToolsVersion = 9.3.1;
					};
				};
			};
			buildConfigurationList = 75160EF72272AD44002D3760 /* Build configuration list for PBXProject "routerTest" */;
			compatibilityVersion = "Xcode 9.3";
			developmentRegion = en;
			hasScannedForEncodings = 0;
			knownRegions = (
				en,
				Base,
			);
			mainGroup = 75160EF32272AD44002D3760;
			productRefGroup = 75160EFD2272AD44002D3760 /* Products */;
			projectDirPath = "";
			projectRoot = "";
			targets = (
				75160EFB2272AD44002D3760 /* routerTest */,
			);
		};
/* End PBXProject section */

/* Begin PBXResourcesBuildPhase section */
		75160EFA2272AD44002D3760 /* Resources */ = {
			isa = PBXResourcesBuildPhase;
			buildActionMask = 2147483647;
			files = (
				754B2C152272B07C003F5F39 /* Main.storyboard in Resources */,
				75160F092272AD45002D3760 /* Assets.xcassets in Resources */,
				754B2C142272B07C003F5F39 /* LaunchScreen.storyboard in Resources */,
			);
			runOnlyForDeploymentPostprocessing = 0;
		};
/* End PBXResourcesBuildPhase section */

/* Begin PBXShellScriptBuildPhase section */
		01806CF0DC0B35813B9369FF /* [CP] Embed Pods Frameworks */ = {
			isa = PBXShellScriptBuildPhase;
			buildActionMask = 2147483647;
			files = (
			);
			inputPaths = (
				"${SRCROOT}/Pods/Target Support Files/Pods-routerTest/Pods-routerTest-frameworks.sh",
				"${BUILT_PRODUCTS_DIR}/router/router.framework",
			);
			name = "[CP] Embed Pods Frameworks";
			outputPaths = (
				"${TARGET_BUILD_DIR}/${FRAMEWORKS_FOLDER_PATH}/router.framework",
			);
			runOnlyForDeploymentPostprocessing = 0;
			shellPath = /bin/sh;
			shellScript = "\"${SRCROOT}/Pods/Target Support Files/Pods-routerTest/Pods-routerTest-frameworks.sh\"\n";
			showEnvVarsInLog = 0;
		};
		13B30831E9C95BA5DD90FA31 /* [CP] Check Pods Manifest.lock */ = {
			isa = PBXShellScriptBuildPhase;
			buildActionMask = 2147483647;
			files = (
			);
			inputPaths = (
				"${PODS_PODFILE_DIR_PATH}/Podfile.lock",
				"${PODS_ROOT}/Manifest.lock",
			);
			name = "[CP] Check Pods Manifest.lock";
			outputPaths = (
				"$(DERIVED_FILE_DIR)/Pods-routerTest-checkManifestLockResult.txt",
			);
			runOnlyForDeploymentPostprocessing = 0;
			shellPath = /bin/sh;
			shellScript = "diff \"${PODS_PODFILE_DIR_PATH}/Podfile.lock\" \"${PODS_ROOT}/Manifest.lock\" > /dev/null\nif [ $? != 0 ] ; then\n    # print error to STDERR\n    echo \"error: The sandbox is not in sync with the Podfile.lock. Run 'pod install' or update your CocoaPods installation.\" >&2\n    exit 1\nfi\n# This output is used by Xcode 'outputs' to avoid re-running this script phase.\necho \"SUCCESS\" > \"${SCRIPT_OUTPUT_FILE_0}\"\n";
			showEnvVarsInLog = 0;
		};
/* End PBXShellScriptBuildPhase section */

/* Begin PBXSourcesBuildPhase section */
		75160EF82272AD44002D3760 /* Sources */ = {
			isa = PBXSourcesBuildPhase;
			buildActionMask = 2147483647;
			files = (
				75160F042272AD44002D3760 /* ViewController.m in Sources */,
				75160F0F2272AD45002D3760 /* main.m in Sources */,
				754B2C1A2272B1B0003F5F39 /* Module1ViewController.m in Sources */,
				75160F012272AD44002D3760 /* AppDelegate.m in Sources */,
				754B2C1B2272B1B0003F5F39 /* Module1.m in Sources */,
			);
			runOnlyForDeploymentPostprocessing = 0;
		};
/* End PBXSourcesBuildPhase section */

/* Begin PBXVariantGroup section */
		754B2C102272B07C003F5F39 /* LaunchScreen.storyboard */ = {
			isa = PBXVariantGroup;
			children = (
				754B2C112272B07C003F5F39 /* Base */,
			);
			name = LaunchScreen.storyboard;
			sourceTree = "<group>";
		};
		754B2C122272B07C003F5F39 /* Main.storyboard */ = {
			isa = PBXVariantGroup;
			children = (
				754B2C132272B07C003F5F39 /* Base */,
			);
			name = Main.storyboard;
			sourceTree = "<group>";
		};
/* End PBXVariantGroup section */

/* Begin XCBuildConfiguration section */
		75160F102272AD45002D3760 /* Debug */ = {
			isa = XCBuildConfiguration;
			buildSettings = {
				ALWAYS_SEARCH_USER_PATHS = NO;
				CLANG_ANALYZER_NONNULL = YES;
				CLANG_ANALYZER_NUMBER_OBJECT_CONVERSION = YES_AGGRESSIVE;
				CLANG_CXX_LANGUAGE_STANDARD = "gnu++14";
				CLANG_CXX_LIBRARY = "libc++";
				CLANG_ENABLE_MODULES = YES;
				CLANG_ENABLE_OBJC_ARC = YES;
				CLANG_ENABLE_OBJC_WEAK = YES;
				CLANG_WARN_BLOCK_CAPTURE_AUTORELEASING = YES;
				CLANG_WARN_BOOL_CONVERSION = YES;
				CLANG_WARN_COMMA = YES;
				CLANG_WARN_CONSTANT_CONVERSION = YES;
				CLANG_WARN_DEPRECATED_OBJC_IMPLEMENTATIONS = YES;
				CLANG_WARN_DIRECT_OBJC_ISA_USAGE = YES_ERROR;
				CLANG_WARN_DOCUMENTATION_COMMENTS = YES;
				CLANG_WARN_EMPTY_BODY = YES;
				CLANG_WARN_ENUM_CONVERSION = YES;
				CLANG_WARN_INFINITE_RECURSION = YES;
				CLANG_WARN_INT_CONVERSION = YES;
				CLANG_WARN_NON_LITERAL_NULL_CONVERSION = YES;
				CLANG_WARN_OBJC_IMPLICIT_RETAIN_SELF = YES;
				CLANG_WARN_OBJC_LITERAL_CONVERSION = YES;
				CLANG_WARN_OBJC_ROOT_CLASS = YES_ERROR;
				CLANG_WARN_RANGE_LOOP_ANALYSIS = YES;
				CLANG_WARN_STRICT_PROTOTYPES = YES;
				CLANG_WARN_SUSPICIOUS_MOVE = YES;
				CLANG_WARN_UNGUARDED_AVAILABILITY = YES_AGGRESSIVE;
				CLANG_WARN_UNREACHABLE_CODE = YES;
				CLANG_WARN__DUPLICATE_METHOD_MATCH = YES;
				CODE_SIGN_IDENTITY = "iPhone Developer";
				COPY_PHASE_STRIP = NO;
				DEBUG_INFORMATION_FORMAT = dwarf;
				ENABLE_STRICT_OBJC_MSGSEND = YES;
				ENABLE_TESTABILITY = YES;
				GCC_C_LANGUAGE_STANDARD = gnu11;
				GCC_DYNAMIC_NO_PIC = NO;
				GCC_NO_COMMON_BLOCKS = YES;
				GCC_OPTIMIZATION_LEVEL = 0;
				GCC_PREPROCESSOR_DEFINITIONS = (
					"DEBUG=1",
					"$(inherited)",
				);
				GCC_WARN_64_TO_32_BIT_CONVERSION = YES;
				GCC_WARN_ABOUT_RETURN_TYPE = YES_ERROR;
				GCC_WARN_UNDECLARED_SELECTOR = YES;
				GCC_WARN_UNINITIALIZED_AUTOS = YES_AGGRESSIVE;
				GCC_WARN_UNUSED_FUNCTION = YES;
				GCC_WARN_UNUSED_VARIABLE = YES;
				IPHONEOS_DEPLOYMENT_TARGET = 11.3;
				MTL_ENABLE_DEBUG_INFO = YES;
				ONLY_ACTIVE_ARCH = YES;
				SDKROOT = iphoneos;
			};
			name = Debug;
		};
		75160F112272AD45002D3760 /* Release */ = {
			isa = XCBuildConfiguration;
			buildSettings = {
				ALWAYS_SEARCH_USER_PATHS = NO;
				CLANG_ANALYZER_NONNULL = YES;
				CLANG_ANALYZER_NUMBER_OBJECT_CONVERSION = YES_AGGRESSIVE;
				CLANG_CXX_LANGUAGE_STANDARD = "gnu++14";
				CLANG_CXX_LIBRARY = "libc++";
				CLANG_ENABLE_MODULES = YES;
				CLANG_ENABLE_OBJC_ARC = YES;
				CLANG_ENABLE_OBJC_WEAK = YES;
				CLANG_WARN_BLOCK_CAPTURE_AUTORELEASING = YES;
				CLANG_WARN_BOOL_CONVERSION = YES;
				CLANG_WARN_COMMA = YES;
				CLANG_WARN_CONSTANT_CONVERSION = YES;
				CLANG_WARN_DEPRECATED_OBJC_IMPLEMENTATIONS = YES;
				CLANG_WARN_DIRECT_OBJC_ISA_USAGE = YES_ERROR;
				CLANG_WARN_DOCUMENTATION_COMMENTS = YES;
				CLANG_WARN_EMPTY_BODY = YES;
				CLANG_WARN_ENUM_CONVERSION = YES;
				CLANG_WARN_INFINITE_RECURSION = YES;
				CLANG_WARN_INT_CONVERSION = YES;
				CLANG_WARN_NON_LITERAL_NULL_CONVERSION = YES;
				CLANG_WARN_OBJC_IMPLICIT_RETAIN_SELF = YES;
				CLANG_WARN_OBJC_LITERAL_CONVERSION = YES;
				CLANG_WARN_OBJC_ROOT_CLASS = YES_ERROR;
				CLANG_WARN_RANGE_LOOP_ANALYSIS = YES;
				CLANG_WARN_STRICT_PROTOTYPES = YES;
				CLANG_WARN_SUSPICIOUS_MOVE = YES;
				CLANG_WARN_UNGUARDED_AVAILABILITY = YES_AGGRESSIVE;
				CLANG_WARN_UNREACHABLE_CODE = YES;
				CLANG_WARN__DUPLICATE_METHOD_MATCH = YES;
				CODE_SIGN_IDENTITY = "iPhone Developer";
				COPY_PHASE_STRIP = NO;
				DEBUG_INFORMATION_FORMAT = "dwarf-with-dsym";
				ENABLE_NS_ASSERTIONS = NO;
				ENABLE_STRICT_OBJC_MSGSEND = YES;
				GCC_C_LANGUAGE_STANDARD = gnu11;
				GCC_NO_COMMON_BLOCKS = YES;
				GCC_WARN_64_TO_32_BIT_CONVERSION = YES;
				GCC_WARN_ABOUT_RETURN_TYPE = YES_ERROR;
				GCC_WARN_UNDECLARED_SELECTOR = YES;
				GCC_WARN_UNINITIALIZED_AUTOS = YES_AGGRESSIVE;
				GCC_WARN_UNUSED_FUNCTION = YES;
				GCC_WARN_UNUSED_VARIABLE = YES;
				IPHONEOS_DEPLOYMENT_TARGET = 11.3;
				MTL_ENABLE_DEBUG_INFO = NO;
				SDKROOT = iphoneos;
				VALIDATE_PRODUCT = YES;
			};
			name = Release;
		};
		75160F132272AD45002D3760 /* Debug */ = {
			isa = XCBuildConfiguration;
			baseConfigurationReference = 9FE0FAB17D9CCEDF5F5B4B2F /* Pods-routerTest.debug.xcconfig */;
			buildSettings = {
				ASSETCATALOG_COMPILER_APPICON_NAME = AppIcon;
				CODE_SIGN_STYLE = Automatic;
				INFOPLIST_FILE = routerTest/Info.plist;
				LD_RUNPATH_SEARCH_PATHS = (
					"$(inherited)",
					"@executable_path/Frameworks",
				);
				PRODUCT_BUNDLE_IDENTIFIER = com.hzh.routerTest;
				PRODUCT_NAME = "$(TARGET_NAME)";
				TARGETED_DEVICE_FAMILY = "1,2";
			};
			name = Debug;
		};
		75160F142272AD45002D3760 /* Release */ = {
			isa = XCBuildConfiguration;
			baseConfigurationReference = 9F641AFD59FF495D7DBC9072 /* Pods-routerTest.release.xcconfig */;
			buildSettings = {
				ASSETCATALOG_COMPILER_APPICON_NAME = AppIcon;
				CODE_SIGN_STYLE = Automatic;
				INFOPLIST_FILE = routerTest/Info.plist;
				LD_RUNPATH_SEARCH_PATHS = (
					"$(inherited)",
					"@executable_path/Frameworks",
				);
				PRODUCT_BUNDLE_IDENTIFIER = com.hzh.routerTest;
				PRODUCT_NAME = "$(TARGET_NAME)";
				TARGETED_DEVICE_FAMILY = "1,2";
			};
			name = Release;
		};
/* End XCBuildConfiguration section */

/* Begin XCConfigurationList section */
		75160EF72272AD44002D3760 /* Build configuration list for PBXProject "routerTest" */ = {
			isa = XCConfigurationList;
			buildConfigurations = (
				75160F102272AD45002D3760 /* Debug */,
				75160F112272AD45002D3760 /* Release */,
			);
			defaultConfigurationIsVisible = 0;
			defaultConfigurationName = Release;
		};
		75160F122272AD45002D3760 /* Build configuration list for PBXNativeTarget "routerTest" */ = {
			isa = XCConfigurationList;
			buildConfigurations = (
				75160F132272AD45002D3760 /* Debug */,
				75160F142272AD45002D3760 /* Release */,
			);
			defaultConfigurationIsVisible = 0;
			defaultConfigurationName = Release;
		};
/* End XCConfigurationList section */
	};
	rootObject = 75160EF42272AD44002D3760 /* Project object */;
}
